
Microsoft Visual Studio Solution File, Format Version 12.00
# Visual Studio 2012
Project("{FAE04EC0-301F-11D3-BF4B-00C04F79EFBC}") = "Applicant", "Applicant\Applicant.csproj", "{87C5AEB8-3F70-48F7-87D7-1F341A48B411}"
EndProject
Project("{FAE04EC0-301F-11D3-BF4B-00C04F79EFBC}") = "BALApplicant", "BALApplicant\BALApplicant.csproj", "{EE87994A-7D66-4C52-A722-FDE418A0BA11}"
EndProject
Project("{FAE04EC0-301F-11D3-BF4B-00C04F79EFBC}") = "DALApplicant", "DALApplicant\DALApplicant.csproj", "{D7F0D619-59CF-486D-B00A-9CBA7052497F}"
EndProject
Project("{FAE04EC0-301F-11D3-BF4B-00C04F79EFBC}") = "EntApplicant", "EntApplicant\EntApplicant.csproj", "{708425B5-4F73-4C5A-8C27-36FC18B5BDAA}"
EndProject
Project("{FAE04EC0-301F-11D3-BF4B-00C04F79EFBC}") = "ExceptionApplicant", "ExceptionApplicant\ExceptionApplicant.csproj", "{BA149457-1861-4AA8-B28A-99F171EBFF99}"
EndProject
Global
	GlobalSection(SolutionConfigurationPlatforms) = preSolution
		Debug|Any CPU = Debug|Any CPU
		Release|Any CPU = Release|Any CPU
	EndGlobalSection
	GlobalSection(ProjectConfigurationPlatforms) = postSolution
		{87C5AEB8-3F70-48F7-87D7-1F341A48B411}.Debug|Any CPU.ActiveCfg = Debug|Any CPU
		{87C5AEB8-3F70-48F7-87D7-1F341A48B411}.Debug|Any CPU.Build.0 = Debug|Any CPU
		{87C5AEB8-3F70-48F7-87D7-1F341A48B411}.Release|Any CPU.ActiveCfg = Release|Any CPU
		{87C5AEB8-3F70-48F7-87D7-1F341A48B411}.Release|Any CPU.Build.0 = Release|Any CPU
		{EE87994A-7D66-4C52-A722-FDE418A0BA11}.Debug|Any CPU.ActiveCfg = Debug|Any CPU
		{EE87994A-7D66-4C52-A722-FDE418A0BA11}.Debug|Any CPU.Build.0 = Debug|Any CPU
		{EE87994A-7D66-4C52-A722-FDE418A0BA11}.Release|Any CPU.ActiveCfg = Release|Any CPU
		{EE87994A-7D66-4C52-A722-FDE418A0BA11}.Release|Any CPU.Build.0 = Release|Any CPU
		{D7F0D619-59CF-486D-B00A-9CBA7052497F}.Debug|Any CPU.ActiveCfg = Debug|Any CPU
		{D7F0D619-59CF-486D-B00A-9CBA7052497F}.Debug|Any CPU.Build.0 = Debug|Any CPU
		{D7F0D619-59CF-486D-B00A-9CBA7052497F}.Release|Any CPU.ActiveCfg = Release|Any CPU
		{D7F0D619-59CF-486D-B00A-9CBA7052497F}.Release|Any CPU.Build.0 = Release|Any CPU
		{708425B5-4F73-4C5A-8C27-36FC18B5BDAA}.Debug|Any CPU.ActiveCfg = Debug|Any CPU
		{708425B5-4F73-4C5A-8C27-36FC18B5BDAA}.Debug|Any CPU.Build.0 = Debug|Any CPU
		{708425B5-4F73-4C5A-8C27-36FC18B5BDAA}.Release|Any CPU.ActiveCfg = Release|Any CPU
		{708425B5-4F73-4C5A-8C27-36FC18B5BDAA}.Release|Any CPU.Build.0 = Release|Any CPU
		{BA149457-1861-4AA8-B28A-99F171EBFF99}.Debug|Any CPU.ActiveCfg = Debug|Any CPU
		{BA149457-1861-4AA8-B28A-99F171EBFF99}.Debug|Any CPU.Build.0 = Debug|Any CPU
		{BA149457-1861-4AA8-B28A-99F171EBFF99}.Release|Any CPU.ActiveCfg = Release|Any CPU
		{BA149457-1861-4AA8-B28A-99F171EBFF99}.Release|Any CPU.Build.0 = Release|Any CPU
	EndGlobalSection
	GlobalSection(SolutionProperties) = preSolution
		HideSolutionNode = FALSE
	EndGlobalSection
EndGlobal
