
Microsoft Visual Studio Solution File, Format Version 12.00
# Visual Studio 2012
Project("{FAE04EC0-301F-11D3-BF4B-00C04F79EFBC}") = "Capgemini.Demos.Day2", "Capgemini.Demos.Day2\Capgemini.Demos.Day2.csproj", "{905048A5-F173-46C7-BD2D-12FBF626AA55}"
EndProject
Global
	GlobalSection(SolutionConfigurationPlatforms) = preSolution
		Debug|Any CPU = Debug|Any CPU
		Release|Any CPU = Release|Any CPU
	EndGlobalSection
	GlobalSection(ProjectConfigurationPlatforms) = postSolution
		{905048A5-F173-46C7-BD2D-12FBF626AA55}.Debug|Any CPU.ActiveCfg = Debug|Any CPU
		{905048A5-F173-46C7-BD2D-12FBF626AA55}.Debug|Any CPU.Build.0 = Debug|Any CPU
		{905048A5-F173-46C7-BD2D-12FBF626AA55}.Release|Any CPU.ActiveCfg = Release|Any CPU
		{905048A5-F173-46C7-BD2D-12FBF626AA55}.Release|Any CPU.Build.0 = Release|Any CPU
	EndGlobalSection
	GlobalSection(SolutionProperties) = preSolution
		HideSolutionNode = FALSE
	EndGlobalSection
EndGlobal
