
Microsoft Visual Studio Solution File, Format Version 12.00
# Visual Studio Express 2012 for Web
Project("{FAE04EC0-301F-11D3-BF4B-00C04F79EFBC}") = "StronglyTypedControls", "StronglyTypedControls\StronglyTypedControls.csproj", "{7C6B8999-BBD4-4D2D-9B39-23F30DFB006A}"
EndProject
Global
	GlobalSection(SolutionConfigurationPlatforms) = preSolution
		Debug|Any CPU = Debug|Any CPU
		Release|Any CPU = Release|Any CPU
	EndGlobalSection
	GlobalSection(ProjectConfigurationPlatforms) = postSolution
		{7C6B8999-BBD4-4D2D-9B39-23F30DFB006A}.Debug|Any CPU.ActiveCfg = Debug|Any CPU
		{7C6B8999-BBD4-4D2D-9B39-23F30DFB006A}.Debug|Any CPU.Build.0 = Debug|Any CPU
		{7C6B8999-BBD4-4D2D-9B39-23F30DFB006A}.Release|Any CPU.ActiveCfg = Release|Any CPU
		{7C6B8999-BBD4-4D2D-9B39-23F30DFB006A}.Release|Any CPU.Build.0 = Release|Any CPU
	EndGlobalSection
	GlobalSection(SolutionProperties) = preSolution
		HideSolutionNode = FALSE
	EndGlobalSection
EndGlobal
